
Microsoft Visual Studio Solution File, Format Version 12.00
# Visual Studio Version 16
VisualStudioVersion = 16.0.29201.188
MinimumVisualStudioVersion = 10.0.40219.1
Project("{F184B08F-C81C-45F6-A57F-5ABD9991F28F}") = "VBWebAppRyb", "VBWebAppRyb\VBWebAppRyb.vbproj", "{26709CD6-897F-4FAD-BC3C-3E2F34AD15C9}"
EndProject
Global
	GlobalSection(SolutionConfigurationPlatforms) = preSolution
		Debug|Any CPU = Debug|Any CPU
		Release|Any CPU = Release|Any CPU
	EndGlobalSection
	GlobalSection(ProjectConfigurationPlatforms) = postSolution
		{26709CD6-897F-4FAD-BC3C-3E2F34AD15C9}.Debug|Any CPU.ActiveCfg = Debug|Any CPU
		{26709CD6-897F-4FAD-BC3C-3E2F34AD15C9}.Debug|Any CPU.Build.0 = Debug|Any CPU
		{26709CD6-897F-4FAD-BC3C-3E2F34AD15C9}.Release|Any CPU.ActiveCfg = Release|Any CPU
		{26709CD6-897F-4FAD-BC3C-3E2F34AD15C9}.Release|Any CPU.Build.0 = Release|Any CPU
	EndGlobalSection
	GlobalSection(SolutionProperties) = preSolution
		HideSolutionNode = FALSE
	EndGlobalSection
	GlobalSection(ExtensibilityGlobals) = postSolution
		SolutionGuid = {A927EA3A-7E37-4EA3-B4B4-0A4775E4EA58}
	EndGlobalSection
EndGlobal
